speakeasyVersion: 1.445.2
sources:
    clerk-openapi:
        sourceNamespace: clerk-openapi
        sourceRevisionDigest: sha256:6b2bc4fd609a9cdb973deecf99f9958987314e0b8cfb8248d41bd65d786a6b50
        sourceBlobDigest: sha256:f27719c57a66da3bbad2e1d961811c9cbe372de4c9ed5e94a56d625e4948370e
        tags:
            - latest
            - speakeasy-sdk-regen-1732580417
            - v1
targets:
    clerk-sdk-python:
        source: clerk-openapi
        sourceNamespace: clerk-openapi
        sourceRevisionDigest: sha256:6b2bc4fd609a9cdb973deecf99f9958987314e0b8cfb8248d41bd65d786a6b50
        sourceBlobDigest: sha256:f27719c57a66da3bbad2e1d961811c9cbe372de4c9ed5e94a56d625e4948370e
        codeSamplesNamespace: clerk-openapi-code-samples
        codeSamplesRevisionDigest: sha256:ed4276b516036fc2a1916038fd5525c65ef403dcd2002c5fc6a0364567e46403
workflow:
    workflowVersion: 1.0.0
    speakeasyVersion: latest
    sources:
        clerk-openapi:
            inputs:
                - location: https://raw.githubusercontent.com/clerk/openapi-specs/refs/heads/main/bapi/2024-10-01.yml
            overlays:
                - location: ./fixes.yaml
                - location: ./examples.yaml
                - location: .speakeasy/speakeasy-suggestions.yaml
            registry:
                location: registry.speakeasyapi.dev/clerk/clerk/clerk-openapi
    targets:
        clerk-sdk-python:
            target: python
            source: clerk-openapi
            output: .
            publish:
                pypi:
                    token: $pypi_token
            codeSamples:
                registry:
                    location: registry.speakeasyapi.dev/clerk/clerk/clerk-openapi-code-samples
                blocking: false
